// !$*UTF8*$!
{
	archiveVersion = 1;
	classes = {
	};
	objectVersion = 51;
	objects = {

/* Begin PBXBuildFile section */
		852C711E25B8B8CC001AA755 /* NewsTableViewController.swift in Sources */ = {isa = PBXBuildFile; fileRef = 852C711C25B8B8CC001AA755 /* NewsTableViewController.swift */; };
		852C712525B8B94F001AA755 /* NewsTableViewCell.swift in Sources */ = {isa = PBXBuildFile; fileRef = 852C712325B8B94F001AA755 /* NewsTableViewCell.swift */; };
		852C712625B8B94F001AA755 /* NewsTableViewCell.xib in Resources */ = {isa = PBXBuildFile; fileRef = 852C712425B8B94F001AA755 /* NewsTableViewCell.xib */; };
		852C712E25B8D4D3001AA755 /* SearchTableViewCell.swift in Sources */ = {isa = PBXBuildFile; fileRef = 852C712C25B8D4D3001AA755 /* SearchTableViewCell.swift */; };
		852C712F25B8D4D3001AA755 /* SearchTableViewCell.xib in Resources */ = {isa = PBXBuildFile; fileRef = 852C712D25B8D4D3001AA755 /* SearchTableViewCell.xib */; };
		85365FF725C1E9C4007ED90B /* Animator.swift in Sources */ = {isa = PBXBuildFile; fileRef = 85365FF625C1E9C4007ED90B /* Animator.swift */; };
		85389BFA260CB99000FE5732 /* News.swift in Sources */ = {isa = PBXBuildFile; fileRef = 85389BF9260CB99000FE5732 /* News.swift */; };
		85389BFE260CB9E700FE5732 /* Photo.swift in Sources */ = {isa = PBXBuildFile; fileRef = 85389BFD260CB9E700FE5732 /* Photo.swift */; };
		85389C01260CBA7A00FE5732 /* Users.swift in Sources */ = {isa = PBXBuildFile; fileRef = 85389C00260CBA7A00FE5732 /* Users.swift */; };
		85389C04260CBAE600FE5732 /* Groups.swift in Sources */ = {isa = PBXBuildFile; fileRef = 85389C03260CBAE600FE5732 /* Groups.swift */; };
		85389C07260CBB2200FE5732 /* Misc.swift in Sources */ = {isa = PBXBuildFile; fileRef = 85389C06260CBB2200FE5732 /* Misc.swift */; };
		853B720325F79BDA0050999F /* Common.swift in Sources */ = {isa = PBXBuildFile; fileRef = 853B720225F79BDA0050999F /* Common.swift */; };
		853D5DF5258FA2E0008F7EB8 /* AppDelegate.swift in Sources */ = {isa = PBXBuildFile; fileRef = 853D5DF4258FA2E0008F7EB8 /* AppDelegate.swift */; };
		853D5DF7258FA2E0008F7EB8 /* SceneDelegate.swift in Sources */ = {isa = PBXBuildFile; fileRef = 853D5DF6258FA2E0008F7EB8 /* SceneDelegate.swift */; };
		853D5DF9258FA2E0008F7EB8 /* LoginViewController.swift in Sources */ = {isa = PBXBuildFile; fileRef = 853D5DF8258FA2E0008F7EB8 /* LoginViewController.swift */; };
		853D5DFC258FA2E0008F7EB8 /* Main.storyboard in Resources */ = {isa = PBXBuildFile; fileRef = 853D5DFA258FA2E0008F7EB8 /* Main.storyboard */; };
		853D5DFE258FA2E1008F7EB8 /* Assets.xcassets in Resources */ = {isa = PBXBuildFile; fileRef = 853D5DFD258FA2E1008F7EB8 /* Assets.xcassets */; };
		853D5E01258FA2E1008F7EB8 /* LaunchScreen.storyboard in Resources */ = {isa = PBXBuildFile; fileRef = 853D5DFF258FA2E1008F7EB8 /* LaunchScreen.storyboard */; };
		854039B525A346B600A03A25 /* FriendTableViewCell.xib in Resources */ = {isa = PBXBuildFile; fileRef = 854039B325A346B600A03A25 /* FriendTableViewCell.xib */; };
		8541B66D25E15AB000100A8F /* Realm.swift in Sources */ = {isa = PBXBuildFile; fileRef = 8541B66C25E15AB000100A8F /* Realm.swift */; };
		8541EEBC260905FD007F57EE /* Friends.storyboard in Resources */ = {isa = PBXBuildFile; fileRef = 8541EEBB260905FD007F57EE /* Friends.storyboard */; };
		8541EEC12609067D007F57EE /* Groups.storyboard in Resources */ = {isa = PBXBuildFile; fileRef = 8541EEBF2609067D007F57EE /* Groups.storyboard */; };
		8541EEC52609084B007F57EE /* News.storyboard in Resources */ = {isa = PBXBuildFile; fileRef = 8541EEC42609084B007F57EE /* News.storyboard */; };
		8541EED626091331007F57EE /* RealmManager.swift in Sources */ = {isa = PBXBuildFile; fileRef = 8541EED526091331007F57EE /* RealmManager.swift */; };
		854A3113262824510051054C /* Cache.swift in Sources */ = {isa = PBXBuildFile; fileRef = 854A3112262824510051054C /* Cache.swift */; };
		854F5243259783D0007388D2 /* FriendsTableViewController.swift in Sources */ = {isa = PBXBuildFile; fileRef = 854F5242259783D0007388D2 /* FriendsTableViewController.swift */; };
		854F524625978431007388D2 /* GroupTableViewController.swift in Sources */ = {isa = PBXBuildFile; fileRef = 854F524525978431007388D2 /* GroupTableViewController.swift */; };
		854F524925978463007388D2 /* AllGroupTableViewController.swift in Sources */ = {isa = PBXBuildFile; fileRef = 854F524825978463007388D2 /* AllGroupTableViewController.swift */; };
		8553814625A2563800652CEA /* CircularImageView.swift in Sources */ = {isa = PBXBuildFile; fileRef = 8553814525A2563800652CEA /* CircularImageView.swift */; };
		85577747259DA40500F64810 /* GroupTableViewCell.xib in Resources */ = {isa = PBXBuildFile; fileRef = 85577745259DA40500F64810 /* GroupTableViewCell.xib */; };
		8570BE7925DC3DFB002EE718 /* WebKit.framework in Frameworks */ = {isa = PBXBuildFile; fileRef = 8570BE7825DC3DFB002EE718 /* WebKit.framework */; };
		8577890525DBE9AC00EA45C7 /* WebViewController.swift in Sources */ = {isa = PBXBuildFile; fileRef = 8577890425DBE9AC00EA45C7 /* WebViewController.swift */; };
		8577890F25DC236400EA45C7 /* Login.storyboard in Resources */ = {isa = PBXBuildFile; fileRef = 8577890E25DC236400EA45C7 /* Login.storyboard */; };
		857B94E425C080E900E04846 /* FullPhotoViewController.swift in Sources */ = {isa = PBXBuildFile; fileRef = 857B94E325C080E900E04846 /* FullPhotoViewController.swift */; };
		85B1698C25CBC08900B862D7 /* Session.swift in Sources */ = {isa = PBXBuildFile; fileRef = 85B1698B25CBC08900B862D7 /* Session.swift */; };
		85B6ABBE260B35C70009B703 /* Json.swift in Sources */ = {isa = PBXBuildFile; fileRef = 85B6ABBD260B35C70009B703 /* Json.swift */; };
		85B884E925B878F7008755AC /* GroupTableViewCell.swift in Sources */ = {isa = PBXBuildFile; fileRef = 85B884E825B878F7008755AC /* GroupTableViewCell.swift */; };
		85B884EC25B87BA5008755AC /* FriendTableViewCell.swift in Sources */ = {isa = PBXBuildFile; fileRef = 85B884EB25B87BA5008755AC /* FriendTableViewCell.swift */; };
		85B884F025B87C63008755AC /* PhotoCollectionViewCell.swift in Sources */ = {isa = PBXBuildFile; fileRef = 85B884EF25B87C63008755AC /* PhotoCollectionViewCell.swift */; };
		85BAAE2E25BAA04F004F99AF /* Loading.swift in Sources */ = {isa = PBXBuildFile; fileRef = 85BAAE2D25BAA04F004F99AF /* Loading.swift */; };
		85C5B9FB25A3A2780009E6FB /* PhotoLikes.swift in Sources */ = {isa = PBXBuildFile; fileRef = 85C5B9FA25A3A2780009E6FB /* PhotoLikes.swift */; };
		85C5BA0025A3AC180009E6FB /* PhotoCollectionViewCell.xib in Resources */ = {isa = PBXBuildFile; fileRef = 85C5B9FE25A3AC180009E6FB /* PhotoCollectionViewCell.xib */; };
		85CAF92325B957E700177B7E /* SearchView.swift in Sources */ = {isa = PBXBuildFile; fileRef = 85CAF92225B957E700177B7E /* SearchView.swift */; };
		85CAF92625B957F700177B7E /* SearchView.xib in Resources */ = {isa = PBXBuildFile; fileRef = 85CAF92525B957F700177B7E /* SearchView.xib */; };
		85E39821259BC12D0079268F /* NetworkManager.swift in Sources */ = {isa = PBXBuildFile; fileRef = 85E39820259BC12D0079268F /* NetworkManager.swift */; };
		85FA7876259B6820007C484D /* FriendsPhotoCollectionViewController.swift in Sources */ = {isa = PBXBuildFile; fileRef = 85FA7875259B6820007C484D /* FriendsPhotoCollectionViewController.swift */; };
		EDBC81FE068CA9DA2DFF0109 /* Pods_VK.framework in Frameworks */ = {isa = PBXBuildFile; fileRef = CCC537F384FE2388DFC9F523 /* Pods_VK.framework */; };
/* End PBXBuildFile section */

/* Begin PBXFileReference section */
		207A89C4B0FD23D69F177AED /* Pods-VK.debug.xcconfig */ = {isa = PBXFileReference; includeInIndex = 1; lastKnownFileType = text.xcconfig; name = "Pods-VK.debug.xcconfig"; path = "Pods/Target Support Files/Pods-VK/Pods-VK.debug.xcconfig"; sourceTree = "<group>"; };
		852C711C25B8B8CC001AA755 /* NewsTableViewController.swift */ = {isa = PBXFileReference; lastKnownFileType = sourcecode.swift; path = NewsTableViewController.swift; sourceTree = "<group>"; };
		852C712325B8B94F001AA755 /* NewsTableViewCell.swift */ = {isa = PBXFileReference; lastKnownFileType = sourcecode.swift; path = NewsTableViewCell.swift; sourceTree = "<group>"; };
		852C712425B8B94F001AA755 /* NewsTableViewCell.xib */ = {isa = PBXFileReference; lastKnownFileType = file.xib; path = NewsTableViewCell.xib; sourceTree = "<group>"; };
		852C712C25B8D4D3001AA755 /* SearchTableViewCell.swift */ = {isa = PBXFileReference; lastKnownFileType = sourcecode.swift; path = SearchTableViewCell.swift; sourceTree = "<group>"; };
		852C712D25B8D4D3001AA755 /* SearchTableViewCell.xib */ = {isa = PBXFileReference; lastKnownFileType = file.xib; path = SearchTableViewCell.xib; sourceTree = "<group>"; };
		85365FF625C1E9C4007ED90B /* Animator.swift */ = {isa = PBXFileReference; lastKnownFileType = sourcecode.swift; path = Animator.swift; sourceTree = "<group>"; };
		85389BF9260CB99000FE5732 /* News.swift */ = {isa = PBXFileReference; lastKnownFileType = sourcecode.swift; path = News.swift; sourceTree = "<group>"; };
		85389BFD260CB9E700FE5732 /* Photo.swift */ = {isa = PBXFileReference; lastKnownFileType = sourcecode.swift; path = Photo.swift; sourceTree = "<group>"; };
		85389C00260CBA7A00FE5732 /* Users.swift */ = {isa = PBXFileReference; lastKnownFileType = sourcecode.swift; path = Users.swift; sourceTree = "<group>"; };
		85389C03260CBAE600FE5732 /* Groups.swift */ = {isa = PBXFileReference; lastKnownFileType = sourcecode.swift; path = Groups.swift; sourceTree = "<group>"; };
		85389C06260CBB2200FE5732 /* Misc.swift */ = {isa = PBXFileReference; lastKnownFileType = sourcecode.swift; path = Misc.swift; sourceTree = "<group>"; };
		853B720225F79BDA0050999F /* Common.swift */ = {isa = PBXFileReference; lastKnownFileType = sourcecode.swift; path = Common.swift; sourceTree = "<group>"; };
		853D5DF1258FA2E0008F7EB8 /* VK.app */ = {isa = PBXFileReference; explicitFileType = wrapper.application; includeInIndex = 0; path = VK.app; sourceTree = BUILT_PRODUCTS_DIR; };
		853D5DF4258FA2E0008F7EB8 /* AppDelegate.swift */ = {isa = PBXFileReference; lastKnownFileType = sourcecode.swift; path = AppDelegate.swift; sourceTree = "<group>"; };
		853D5DF6258FA2E0008F7EB8 /* SceneDelegate.swift */ = {isa = PBXFileReference; lastKnownFileType = sourcecode.swift; path = SceneDelegate.swift; sourceTree = "<group>"; };
		853D5DF8258FA2E0008F7EB8 /* LoginViewController.swift */ = {isa = PBXFileReference; lastKnownFileType = sourcecode.swift; path = LoginViewController.swift; sourceTree = "<group>"; };
		853D5DFB258FA2E0008F7EB8 /* Base */ = {isa = PBXFileReference; lastKnownFileType = file.storyboard; name = Base; path = Base.lproj/Main.storyboard; sourceTree = "<group>"; };
		853D5DFD258FA2E1008F7EB8 /* Assets.xcassets */ = {isa = PBXFileReference; lastKnownFileType = folder.assetcatalog; path = Assets.xcassets; sourceTree = "<group>"; };
		853D5E00258FA2E1008F7EB8 /* Base */ = {isa = PBXFileReference; lastKnownFileType = file.storyboard; name = Base; path = Base.lproj/LaunchScreen.storyboard; sourceTree = "<group>"; };
		853D5E02258FA2E1008F7EB8 /* Info.plist */ = {isa = PBXFileReference; lastKnownFileType = text.plist.xml; path = Info.plist; sourceTree = "<group>"; };
		854039B325A346B600A03A25 /* FriendTableViewCell.xib */ = {isa = PBXFileReference; lastKnownFileType = file.xib; path = FriendTableViewCell.xib; sourceTree = "<group>"; };
		8541B66C25E15AB000100A8F /* Realm.swift */ = {isa = PBXFileReference; lastKnownFileType = sourcecode.swift; path = Realm.swift; sourceTree = "<group>"; };
		8541EEBB260905FD007F57EE /* Friends.storyboard */ = {isa = PBXFileReference; fileEncoding = 4; lastKnownFileType = file.storyboard; path = Friends.storyboard; sourceTree = SOURCE_ROOT; };
		8541EEC02609067D007F57EE /* Base */ = {isa = PBXFileReference; lastKnownFileType = file.storyboard; name = Base; path = Base.lproj/Groups.storyboard; sourceTree = "<group>"; };
		8541EEC42609084B007F57EE /* News.storyboard */ = {isa = PBXFileReference; fileEncoding = 4; lastKnownFileType = file.storyboard; path = News.storyboard; sourceTree = SOURCE_ROOT; };
		8541EED526091331007F57EE /* RealmManager.swift */ = {isa = PBXFileReference; lastKnownFileType = sourcecode.swift; path = RealmManager.swift; sourceTree = "<group>"; };
		854A3112262824510051054C /* Cache.swift */ = {isa = PBXFileReference; lastKnownFileType = sourcecode.swift; path = Cache.swift; sourceTree = "<group>"; };
		854F5242259783D0007388D2 /* FriendsTableViewController.swift */ = {isa = PBXFileReference; lastKnownFileType = sourcecode.swift; path = FriendsTableViewController.swift; sourceTree = "<group>"; };
		854F524525978431007388D2 /* GroupTableViewController.swift */ = {isa = PBXFileReference; lastKnownFileType = sourcecode.swift; path = GroupTableViewController.swift; sourceTree = "<group>"; };
		854F524825978463007388D2 /* AllGroupTableViewController.swift */ = {isa = PBXFileReference; lastKnownFileType = sourcecode.swift; path = AllGroupTableViewController.swift; sourceTree = "<group>"; };
		8553814525A2563800652CEA /* CircularImageView.swift */ = {isa = PBXFileReference; lastKnownFileType = sourcecode.swift; path = CircularImageView.swift; sourceTree = "<group>"; };
		85577745259DA40500F64810 /* GroupTableViewCell.xib */ = {isa = PBXFileReference; lastKnownFileType = file.xib; path = GroupTableViewCell.xib; sourceTree = "<group>"; };
		8570BE7825DC3DFB002EE718 /* WebKit.framework */ = {isa = PBXFileReference; lastKnownFileType = wrapper.framework; name = WebKit.framework; path = System/Library/Frameworks/WebKit.framework; sourceTree = SDKROOT; };
		8577890425DBE9AC00EA45C7 /* WebViewController.swift */ = {isa = PBXFileReference; lastKnownFileType = sourcecode.swift; path = WebViewController.swift; sourceTree = "<group>"; };
		8577890E25DC236400EA45C7 /* Login.storyboard */ = {isa = PBXFileReference; fileEncoding = 4; lastKnownFileType = file.storyboard; path = Login.storyboard; sourceTree = "<group>"; };
		857B94E325C080E900E04846 /* FullPhotoViewController.swift */ = {isa = PBXFileReference; lastKnownFileType = sourcecode.swift; path = FullPhotoViewController.swift; sourceTree = "<group>"; };
		85B1698B25CBC08900B862D7 /* Session.swift */ = {isa = PBXFileReference; lastKnownFileType = sourcecode.swift; path = Session.swift; sourceTree = "<group>"; };
		85B6ABBD260B35C70009B703 /* Json.swift */ = {isa = PBXFileReference; lastKnownFileType = sourcecode.swift; path = Json.swift; sourceTree = "<group>"; };
		85B884E825B878F7008755AC /* GroupTableViewCell.swift */ = {isa = PBXFileReference; lastKnownFileType = sourcecode.swift; path = GroupTableViewCell.swift; sourceTree = "<group>"; };
		85B884EB25B87BA5008755AC /* FriendTableViewCell.swift */ = {isa = PBXFileReference; lastKnownFileType = sourcecode.swift; path = FriendTableViewCell.swift; sourceTree = "<group>"; };
		85B884EF25B87C63008755AC /* PhotoCollectionViewCell.swift */ = {isa = PBXFileReference; lastKnownFileType = sourcecode.swift; path = PhotoCollectionViewCell.swift; sourceTree = "<group>"; };
		85BAAE2D25BAA04F004F99AF /* Loading.swift */ = {isa = PBXFileReference; lastKnownFileType = sourcecode.swift; path = Loading.swift; sourceTree = "<group>"; };
		85BAAE3525BB3079004F99AF /* TableViewCell.swift */ = {isa = PBXFileReference; lastKnownFileType = sourcecode.swift; path = TableViewCell.swift; sourceTree = "<group>"; };
		85C5B9FA25A3A2780009E6FB /* PhotoLikes.swift */ = {isa = PBXFileReference; lastKnownFileType = sourcecode.swift; path = PhotoLikes.swift; sourceTree = "<group>"; };
		85C5B9FE25A3AC180009E6FB /* PhotoCollectionViewCell.xib */ = {isa = PBXFileReference; lastKnownFileType = file.xib; path = PhotoCollectionViewCell.xib; sourceTree = "<group>"; };
		85CAF92225B957E700177B7E /* SearchView.swift */ = {isa = PBXFileReference; lastKnownFileType = sourcecode.swift; path = SearchView.swift; sourceTree = "<group>"; };
		85CAF92525B957F700177B7E /* SearchView.xib */ = {isa = PBXFileReference; lastKnownFileType = file.xib; path = SearchView.xib; sourceTree = "<group>"; };
		85E39820259BC12D0079268F /* NetworkManager.swift */ = {isa = PBXFileReference; lastKnownFileType = sourcecode.swift; path = NetworkManager.swift; sourceTree = "<group>"; };
		85FA7875259B6820007C484D /* FriendsPhotoCollectionViewController.swift */ = {isa = PBXFileReference; lastKnownFileType = sourcecode.swift; path = FriendsPhotoCollectionViewController.swift; sourceTree = "<group>"; };
		CCC537F384FE2388DFC9F523 /* Pods_VK.framework */ = {isa = PBXFileReference; explicitFileType = wrapper.framework; includeInIndex = 0; path = Pods_VK.framework; sourceTree = BUILT_PRODUCTS_DIR; };
		D3979ED9F1FDACBF100FBD4E /* Pods-VK.release.xcconfig */ = {isa = PBXFileReference; includeInIndex = 1; lastKnownFileType = text.xcconfig; name = "Pods-VK.release.xcconfig"; path = "Pods/Target Support Files/Pods-VK/Pods-VK.release.xcconfig"; sourceTree = "<group>"; };
/* End PBXFileReference section */

/* Begin PBXFrameworksBuildPhase section */
		853D5DEE258FA2E0008F7EB8 /* Frameworks */ = {
			isa = PBXFrameworksBuildPhase;
			buildActionMask = 2147483647;
			files = (
				8570BE7925DC3DFB002EE718 /* WebKit.framework in Frameworks */,
				EDBC81FE068CA9DA2DFF0109 /* Pods_VK.framework in Frameworks */,
			);
			runOnlyForDeploymentPostprocessing = 0;
		};
/* End PBXFrameworksBuildPhase section */

/* Begin PBXGroup section */
		8512A65B2598C84B00C4AF6D /* Model */ = {
			isa = PBXGroup;
			children = (
				85389BF8260CB92900FE5732 /* Json */,
				8541B66C25E15AB000100A8F /* Realm.swift */,
			);
			path = Model;
			sourceTree = "<group>";
		};
		85389BF8260CB92900FE5732 /* Json */ = {
			isa = PBXGroup;
			children = (
				85B6ABBD260B35C70009B703 /* Json.swift */,
				85389BF9260CB99000FE5732 /* News.swift */,
				85389BFD260CB9E700FE5732 /* Photo.swift */,
				85389C00260CBA7A00FE5732 /* Users.swift */,
				85389C03260CBAE600FE5732 /* Groups.swift */,
				85389C06260CBB2200FE5732 /* Misc.swift */,
			);
			path = Json;
			sourceTree = "<group>";
		};
		853D5DE8258FA2E0008F7EB8 = {
			isa = PBXGroup;
			children = (
				853D5DF3258FA2E0008F7EB8 /* VK */,
				853D5DF2258FA2E0008F7EB8 /* Products */,
				8570BE7725DC3DFA002EE718 /* Frameworks */,
				FCE1C7BBC338005AFDAE9D67 /* Pods */,
			);
			sourceTree = "<group>";
		};
		853D5DF2258FA2E0008F7EB8 /* Products */ = {
			isa = PBXGroup;
			children = (
				853D5DF1258FA2E0008F7EB8 /* VK.app */,
			);
			name = Products;
			sourceTree = "<group>";
		};
		853D5DF3258FA2E0008F7EB8 /* VK */ = {
			isa = PBXGroup;
			children = (
				853D5E02258FA2E1008F7EB8 /* Info.plist */,
				853D5DF4258FA2E0008F7EB8 /* AppDelegate.swift */,
				853D5DF6258FA2E0008F7EB8 /* SceneDelegate.swift */,
				853D5DFD258FA2E1008F7EB8 /* Assets.xcassets */,
				8512A65B2598C84B00C4AF6D /* Model */,
				85E3981F259BC1150079268F /* Service */,
				85760DD0259772300065F9B0 /* Storyboards */,
				85760DCF259772040065F9B0 /* ViewControllers */,
				854039B125A3466D00A03A25 /* Views */,
			);
			path = VK;
			sourceTree = "<group>";
		};
		854039B125A3466D00A03A25 /* Views */ = {
			isa = PBXGroup;
			children = (
				8553814525A2563800652CEA /* CircularImageView.swift */,
				85C5B9FA25A3A2780009E6FB /* PhotoLikes.swift */,
				85BAAE2D25BAA04F004F99AF /* Loading.swift */,
				85577745259DA40500F64810 /* GroupTableViewCell.xib */,
				85B884E825B878F7008755AC /* GroupTableViewCell.swift */,
				854039B325A346B600A03A25 /* FriendTableViewCell.xib */,
				85B884EB25B87BA5008755AC /* FriendTableViewCell.swift */,
				85C5B9FE25A3AC180009E6FB /* PhotoCollectionViewCell.xib */,
				85B884EF25B87C63008755AC /* PhotoCollectionViewCell.swift */,
				852C712425B8B94F001AA755 /* NewsTableViewCell.xib */,
				852C712325B8B94F001AA755 /* NewsTableViewCell.swift */,
				852C712D25B8D4D3001AA755 /* SearchTableViewCell.xib */,
				852C712C25B8D4D3001AA755 /* SearchTableViewCell.swift */,
				85CAF92225B957E700177B7E /* SearchView.swift */,
				85CAF92525B957F700177B7E /* SearchView.xib */,
				85BAAE3525BB3079004F99AF /* TableViewCell.swift */,
			);
			path = Views;
			sourceTree = "<group>";
		};
		8570BE7725DC3DFA002EE718 /* Frameworks */ = {
			isa = PBXGroup;
			children = (
				8570BE7825DC3DFB002EE718 /* WebKit.framework */,
				CCC537F384FE2388DFC9F523 /* Pods_VK.framework */,
			);
			name = Frameworks;
			sourceTree = "<group>";
		};
		85760DCF259772040065F9B0 /* ViewControllers */ = {
			isa = PBXGroup;
			children = (
				853D5DF8258FA2E0008F7EB8 /* LoginViewController.swift */,
				8577890425DBE9AC00EA45C7 /* WebViewController.swift */,
				854F5242259783D0007388D2 /* FriendsTableViewController.swift */,
				85FA7875259B6820007C484D /* FriendsPhotoCollectionViewController.swift */,
				857B94E325C080E900E04846 /* FullPhotoViewController.swift */,
				854F524525978431007388D2 /* GroupTableViewController.swift */,
				854F524825978463007388D2 /* AllGroupTableViewController.swift */,
				852C711C25B8B8CC001AA755 /* NewsTableViewController.swift */,
			);
			path = ViewControllers;
			sourceTree = "<group>";
		};
		85760DD0259772300065F9B0 /* Storyboards */ = {
			isa = PBXGroup;
			children = (
				853D5DFA258FA2E0008F7EB8 /* Main.storyboard */,
				8541EEBB260905FD007F57EE /* Friends.storyboard */,
				8541EEBF2609067D007F57EE /* Groups.storyboard */,
				8541EEC42609084B007F57EE /* News.storyboard */,
				8577890E25DC236400EA45C7 /* Login.storyboard */,
				853D5DFF258FA2E1008F7EB8 /* LaunchScreen.storyboard */,
			);
			path = Storyboards;
			sourceTree = "<group>";
		};
		85E3981F259BC1150079268F /* Service */ = {
			isa = PBXGroup;
			children = (
				853B720225F79BDA0050999F /* Common.swift */,
				85B1698B25CBC08900B862D7 /* Session.swift */,
				85E39820259BC12D0079268F /* NetworkManager.swift */,
				85365FF625C1E9C4007ED90B /* Animator.swift */,
				8541EED526091331007F57EE /* RealmManager.swift */,
				854A3112262824510051054C /* Cache.swift */,
			);
			path = Service;
			sourceTree = "<group>";
		};
		FCE1C7BBC338005AFDAE9D67 /* Pods */ = {
			isa = PBXGroup;
			children = (
				207A89C4B0FD23D69F177AED /* Pods-VK.debug.xcconfig */,
				D3979ED9F1FDACBF100FBD4E /* Pods-VK.release.xcconfig */,
			);
			name = Pods;
			sourceTree = "<group>";
		};
/* End PBXGroup section */

/* Begin PBXNativeTarget section */
		853D5DF0258FA2E0008F7EB8 /* VK */ = {
			isa = PBXNativeTarget;
			buildConfigurationList = 853D5E05258FA2E1008F7EB8 /* Build configuration list for PBXNativeTarget "VK" */;
			buildPhases = (
				3905F9C53F466ED4B32B9D23 /* [CP] Check Pods Manifest.lock */,
				853D5DED258FA2E0008F7EB8 /* Sources */,
				853D5DEE258FA2E0008F7EB8 /* Frameworks */,
				853D5DEF258FA2E0008F7EB8 /* Resources */,
				858DFE842599473200AC1A11 /* ShellScript */,
				91DEACD6BE39EAF7872847E5 /* [CP] Embed Pods Frameworks */,
			);
			buildRules = (
			);
			dependencies = (
			);
			name = VK;
			packageProductDependencies = (
			);
			productName = VK;
			productReference = 853D5DF1258FA2E0008F7EB8 /* VK.app */;
			productType = "com.apple.product-type.application";
		};
/* End PBXNativeTarget section */

/* Begin PBXProject section */
		853D5DE9258FA2E0008F7EB8 /* Project object */ = {
			isa = PBXProject;
			attributes = {
				LastSwiftUpdateCheck = 1230;
				LastUpgradeCheck = 1230;
				TargetAttributes = {
					853D5DF0258FA2E0008F7EB8 = {
						CreatedOnToolsVersion = 12.3;
					};
				};
			};
			buildConfigurationList = 853D5DEC258FA2E0008F7EB8 /* Build configuration list for PBXProject "VK" */;
			compatibilityVersion = "Xcode 9.3";
			developmentRegion = en;
			hasScannedForEncodings = 0;
			knownRegions = (
				en,
				Base,
			);
			mainGroup = 853D5DE8258FA2E0008F7EB8;
			packageReferences = (
			);
			productRefGroup = 853D5DF2258FA2E0008F7EB8 /* Products */;
			projectDirPath = "";
			projectRoot = "";
			targets = (
				853D5DF0258FA2E0008F7EB8 /* VK */,
			);
		};
/* End PBXProject section */

/* Begin PBXResourcesBuildPhase section */
		853D5DEF258FA2E0008F7EB8 /* Resources */ = {
			isa = PBXResourcesBuildPhase;
			buildActionMask = 2147483647;
			files = (
				854039B525A346B600A03A25 /* FriendTableViewCell.xib in Resources */,
				852C712F25B8D4D3001AA755 /* SearchTableViewCell.xib in Resources */,
				8541EEC52609084B007F57EE /* News.storyboard in Resources */,
				853D5E01258FA2E1008F7EB8 /* LaunchScreen.storyboard in Resources */,
				853D5DFE258FA2E1008F7EB8 /* Assets.xcassets in Resources */,
				852C712625B8B94F001AA755 /* NewsTableViewCell.xib in Resources */,
				85CAF92625B957F700177B7E /* SearchView.xib in Resources */,
				85C5BA0025A3AC180009E6FB /* PhotoCollectionViewCell.xib in Resources */,
				853D5DFC258FA2E0008F7EB8 /* Main.storyboard in Resources */,
				8541EEC12609067D007F57EE /* Groups.storyboard in Resources */,
				8577890F25DC236400EA45C7 /* Login.storyboard in Resources */,
				85577747259DA40500F64810 /* GroupTableViewCell.xib in Resources */,
				8541EEBC260905FD007F57EE /* Friends.storyboard in Resources */,
			);
			runOnlyForDeploymentPostprocessing = 0;
		};
/* End PBXResourcesBuildPhase section */

/* Begin PBXShellScriptBuildPhase section */
		3905F9C53F466ED4B32B9D23 /* [CP] Check Pods Manifest.lock */ = {
			isa = PBXShellScriptBuildPhase;
			buildActionMask = 2147483647;
			files = (
			);
			inputPaths = (
				"${PODS_PODFILE_DIR_PATH}/Podfile.lock",
				"${PODS_ROOT}/Manifest.lock",
			);
			name = "[CP] Check Pods Manifest.lock";
			outputPaths = (
				"$(DERIVED_FILE_DIR)/Pods-VK-checkManifestLockResult.txt",
			);
			runOnlyForDeploymentPostprocessing = 0;
			shellPath = /bin/sh;
			shellScript = "diff \"${PODS_PODFILE_DIR_PATH}/Podfile.lock\" \"${PODS_ROOT}/Manifest.lock\" > /dev/null\nif [ $? != 0 ] ; then\n    # print error to STDERR\n    echo \"error: The sandbox is not in sync with the Podfile.lock. Run 'pod install' or update your CocoaPods installation.\" >&2\n    exit 1\nfi\n# This output is used by Xcode 'outputs' to avoid re-running this script phase.\necho \"SUCCESS\" > \"${SCRIPT_OUTPUT_FILE_0}\"\n";
			showEnvVarsInLog = 0;
		};
		858DFE842599473200AC1A11 /* ShellScript */ = {
			isa = PBXShellScriptBuildPhase;
			buildActionMask = 2147483647;
			files = (
			);
			inputPaths = (
			);
			outputPaths = (
			);
			runOnlyForDeploymentPostprocessing = 0;
			shellPath = /bin/sh;
			shellScript = "if which swiftlint >/dev/null; then\n  swiftlint\nelse\n  echo \"warning: SwiftLint not installed, download from https://github.com/realm/SwiftLint\"\nfi\n";
		};
		91DEACD6BE39EAF7872847E5 /* [CP] Embed Pods Frameworks */ = {
			isa = PBXShellScriptBuildPhase;
			buildActionMask = 2147483647;
			files = (
			);
			inputFileListPaths = (
				"${PODS_ROOT}/Target Support Files/Pods-VK/Pods-VK-frameworks-${CONFIGURATION}-input-files.xcfilelist",
			);
			name = "[CP] Embed Pods Frameworks";
			outputFileListPaths = (
				"${PODS_ROOT}/Target Support Files/Pods-VK/Pods-VK-frameworks-${CONFIGURATION}-output-files.xcfilelist",
			);
			runOnlyForDeploymentPostprocessing = 0;
			shellPath = /bin/sh;
			shellScript = "\"${PODS_ROOT}/Target Support Files/Pods-VK/Pods-VK-frameworks.sh\"\n";
			showEnvVarsInLog = 0;
		};
/* End PBXShellScriptBuildPhase section */

/* Begin PBXSourcesBuildPhase section */
		853D5DED258FA2E0008F7EB8 /* Sources */ = {
			isa = PBXSourcesBuildPhase;
			buildActionMask = 2147483647;
			files = (
				853D5DF9258FA2E0008F7EB8 /* LoginViewController.swift in Sources */,
				8577890525DBE9AC00EA45C7 /* WebViewController.swift in Sources */,
				854F524925978463007388D2 /* AllGroupTableViewController.swift in Sources */,
				85FA7876259B6820007C484D /* FriendsPhotoCollectionViewController.swift in Sources */,
				854F524625978431007388D2 /* GroupTableViewController.swift in Sources */,
				85B884F025B87C63008755AC /* PhotoCollectionViewCell.swift in Sources */,
				85365FF725C1E9C4007ED90B /* Animator.swift in Sources */,
				8553814625A2563800652CEA /* CircularImageView.swift in Sources */,
				852C712E25B8D4D3001AA755 /* SearchTableViewCell.swift in Sources */,
				85389C04260CBAE600FE5732 /* Groups.swift in Sources */,
				85E39821259BC12D0079268F /* NetworkManager.swift in Sources */,
				852C711E25B8B8CC001AA755 /* NewsTableViewController.swift in Sources */,
				85BAAE2E25BAA04F004F99AF /* Loading.swift in Sources */,
				857B94E425C080E900E04846 /* FullPhotoViewController.swift in Sources */,
				8541B66D25E15AB000100A8F /* Realm.swift in Sources */,
				85CAF92325B957E700177B7E /* SearchView.swift in Sources */,
				85389C07260CBB2200FE5732 /* Misc.swift in Sources */,
				85B884E925B878F7008755AC /* GroupTableViewCell.swift in Sources */,
				853D5DF5258FA2E0008F7EB8 /* AppDelegate.swift in Sources */,
				85389BFA260CB99000FE5732 /* News.swift in Sources */,
				854F5243259783D0007388D2 /* FriendsTableViewController.swift in Sources */,
				85B1698C25CBC08900B862D7 /* Session.swift in Sources */,
				85C5B9FB25A3A2780009E6FB /* PhotoLikes.swift in Sources */,
				85389C01260CBA7A00FE5732 /* Users.swift in Sources */,
				8541EED626091331007F57EE /* RealmManager.swift in Sources */,
				853D5DF7258FA2E0008F7EB8 /* SceneDelegate.swift in Sources */,
				854A3113262824510051054C /* Cache.swift in Sources */,
				85B884EC25B87BA5008755AC /* FriendTableViewCell.swift in Sources */,
				853B720325F79BDA0050999F /* Common.swift in Sources */,
				852C712525B8B94F001AA755 /* NewsTableViewCell.swift in Sources */,
				85B6ABBE260B35C70009B703 /* Json.swift in Sources */,
				85389BFE260CB9E700FE5732 /* Photo.swift in Sources */,
			);
			runOnlyForDeploymentPostprocessing = 0;
		};
/* End PBXSourcesBuildPhase section */

/* Begin PBXVariantGroup section */
		853D5DFA258FA2E0008F7EB8 /* Main.storyboard */ = {
			isa = PBXVariantGroup;
			children = (
				853D5DFB258FA2E0008F7EB8 /* Base */,
			);
			name = Main.storyboard;
			sourceTree = "<group>";
		};
		853D5DFF258FA2E1008F7EB8 /* LaunchScreen.storyboard */ = {
			isa = PBXVariantGroup;
			children = (
				853D5E00258FA2E1008F7EB8 /* Base */,
			);
			name = LaunchScreen.storyboard;
			sourceTree = "<group>";
		};
		8541EEBF2609067D007F57EE /* Groups.storyboard */ = {
			isa = PBXVariantGroup;
			children = (
				8541EEC02609067D007F57EE /* Base */,
			);
			name = Groups.storyboard;
			sourceTree = "<group>";
		};
/* End PBXVariantGroup section */

/* Begin XCBuildConfiguration section */
		853D5E03258FA2E1008F7EB8 /* Debug */ = {
			isa = XCBuildConfiguration;
			buildSettings = {
				ALWAYS_SEARCH_USER_PATHS = NO;
				CLANG_ANALYZER_NONNULL = YES;
				CLANG_ANALYZER_NUMBER_OBJECT_CONVERSION = YES_AGGRESSIVE;
				CLANG_CXX_LANGUAGE_STANDARD = "gnu++14";
				CLANG_CXX_LIBRARY = "libc++";
				CLANG_ENABLE_MODULES = YES;
				CLANG_ENABLE_OBJC_ARC = YES;
				CLANG_ENABLE_OBJC_WEAK = YES;
				CLANG_WARN_BLOCK_CAPTURE_AUTORELEASING = YES;
				CLANG_WARN_BOOL_CONVERSION = YES;
				CLANG_WARN_COMMA = YES;
				CLANG_WARN_CONSTANT_CONVERSION = YES;
				CLANG_WARN_DEPRECATED_OBJC_IMPLEMENTATIONS = YES;
				CLANG_WARN_DIRECT_OBJC_ISA_USAGE = YES_ERROR;
				CLANG_WARN_DOCUMENTATION_COMMENTS = YES;
				CLANG_WARN_EMPTY_BODY = YES;
				CLANG_WARN_ENUM_CONVERSION = YES;
				CLANG_WARN_INFINITE_RECURSION = YES;
				CLANG_WARN_INT_CONVERSION = YES;
				CLANG_WARN_NON_LITERAL_NULL_CONVERSION = YES;
				CLANG_WARN_OBJC_IMPLICIT_RETAIN_SELF = YES;
				CLANG_WARN_OBJC_LITERAL_CONVERSION = YES;
				CLANG_WARN_OBJC_ROOT_CLASS = YES_ERROR;
				CLANG_WARN_QUOTED_INCLUDE_IN_FRAMEWORK_HEADER = YES;
				CLANG_WARN_RANGE_LOOP_ANALYSIS = YES;
				CLANG_WARN_STRICT_PROTOTYPES = YES;
				CLANG_WARN_SUSPICIOUS_MOVE = YES;
				CLANG_WARN_UNGUARDED_AVAILABILITY = YES_AGGRESSIVE;
				CLANG_WARN_UNREACHABLE_CODE = YES;
				CLANG_WARN__DUPLICATE_METHOD_MATCH = YES;
				COPY_PHASE_STRIP = NO;
				DEBUG_INFORMATION_FORMAT = dwarf;
				ENABLE_STRICT_OBJC_MSGSEND = YES;
				ENABLE_TESTABILITY = YES;
				GCC_C_LANGUAGE_STANDARD = gnu11;
				GCC_DYNAMIC_NO_PIC = NO;
				GCC_NO_COMMON_BLOCKS = YES;
				GCC_OPTIMIZATION_LEVEL = 0;
				GCC_PREPROCESSOR_DEFINITIONS = (
					"DEBUG=1",
					"$(inherited)",
				);
				GCC_WARN_64_TO_32_BIT_CONVERSION = YES;
				GCC_WARN_ABOUT_RETURN_TYPE = YES_ERROR;
				GCC_WARN_UNDECLARED_SELECTOR = YES;
				GCC_WARN_UNINITIALIZED_AUTOS = YES_AGGRESSIVE;
				GCC_WARN_UNUSED_FUNCTION = YES;
				GCC_WARN_UNUSED_VARIABLE = YES;
				IPHONEOS_DEPLOYMENT_TARGET = 14.3;
				MTL_ENABLE_DEBUG_INFO = INCLUDE_SOURCE;
				MTL_FAST_MATH = YES;
				ONLY_ACTIVE_ARCH = YES;
				SDKROOT = iphoneos;
				SWIFT_ACTIVE_COMPILATION_CONDITIONS = DEBUG;
				SWIFT_OPTIMIZATION_LEVEL = "-Onone";
			};
			name = Debug;
		};
		853D5E04258FA2E1008F7EB8 /* Release */ = {
			isa = XCBuildConfiguration;
			buildSettings = {
				ALWAYS_SEARCH_USER_PATHS = NO;
				CLANG_ANALYZER_NONNULL = YES;
				CLANG_ANALYZER_NUMBER_OBJECT_CONVERSION = YES_AGGRESSIVE;
				CLANG_CXX_LANGUAGE_STANDARD = "gnu++14";
				CLANG_CXX_LIBRARY = "libc++";
				CLANG_ENABLE_MODULES = YES;
				CLANG_ENABLE_OBJC_ARC = YES;
				CLANG_ENABLE_OBJC_WEAK = YES;
				CLANG_WARN_BLOCK_CAPTURE_AUTORELEASING = YES;
				CLANG_WARN_BOOL_CONVERSION = YES;
				CLANG_WARN_COMMA = YES;
				CLANG_WARN_CONSTANT_CONVERSION = YES;
				CLANG_WARN_DEPRECATED_OBJC_IMPLEMENTATIONS = YES;
				CLANG_WARN_DIRECT_OBJC_ISA_USAGE = YES_ERROR;
				CLANG_WARN_DOCUMENTATION_COMMENTS = YES;
				CLANG_WARN_EMPTY_BODY = YES;
				CLANG_WARN_ENUM_CONVERSION = YES;
				CLANG_WARN_INFINITE_RECURSION = YES;
				CLANG_WARN_INT_CONVERSION = YES;
				CLANG_WARN_NON_LITERAL_NULL_CONVERSION = YES;
				CLANG_WARN_OBJC_IMPLICIT_RETAIN_SELF = YES;
				CLANG_WARN_OBJC_LITERAL_CONVERSION = YES;
				CLANG_WARN_OBJC_ROOT_CLASS = YES_ERROR;
				CLANG_WARN_QUOTED_INCLUDE_IN_FRAMEWORK_HEADER = YES;
				CLANG_WARN_RANGE_LOOP_ANALYSIS = YES;
				CLANG_WARN_STRICT_PROTOTYPES = YES;
				CLANG_WARN_SUSPICIOUS_MOVE = YES;
				CLANG_WARN_UNGUARDED_AVAILABILITY = YES_AGGRESSIVE;
				CLANG_WARN_UNREACHABLE_CODE = YES;
				CLANG_WARN__DUPLICATE_METHOD_MATCH = YES;
				COPY_PHASE_STRIP = NO;
				DEBUG_INFORMATION_FORMAT = "dwarf-with-dsym";
				ENABLE_NS_ASSERTIONS = NO;
				ENABLE_STRICT_OBJC_MSGSEND = YES;
				GCC_C_LANGUAGE_STANDARD = gnu11;
				GCC_NO_COMMON_BLOCKS = YES;
				GCC_WARN_64_TO_32_BIT_CONVERSION = YES;
				GCC_WARN_ABOUT_RETURN_TYPE = YES_ERROR;
				GCC_WARN_UNDECLARED_SELECTOR = YES;
				GCC_WARN_UNINITIALIZED_AUTOS = YES_AGGRESSIVE;
				GCC_WARN_UNUSED_FUNCTION = YES;
				GCC_WARN_UNUSED_VARIABLE = YES;
				IPHONEOS_DEPLOYMENT_TARGET = 14.3;
				MTL_ENABLE_DEBUG_INFO = NO;
				MTL_FAST_MATH = YES;
				SDKROOT = iphoneos;
				SWIFT_COMPILATION_MODE = wholemodule;
				SWIFT_OPTIMIZATION_LEVEL = "-O";
				VALIDATE_PRODUCT = YES;
			};
			name = Release;
		};
		853D5E06258FA2E1008F7EB8 /* Debug */ = {
			isa = XCBuildConfiguration;
			baseConfigurationReference = 207A89C4B0FD23D69F177AED /* Pods-VK.debug.xcconfig */;
			buildSettings = {
				ASSETCATALOG_COMPILER_APPICON_NAME = AppIcon;
				ASSETCATALOG_COMPILER_GLOBAL_ACCENT_COLOR_NAME = AccentColor;
				CODE_SIGN_STYLE = Automatic;
				DEVELOPMENT_TEAM = V6HJ4DDSQV;
				INFOPLIST_FILE = VK/Info.plist;
				LD_RUNPATH_SEARCH_PATHS = (
					"$(inherited)",
					"@executable_path/Frameworks",
				);
				PRODUCT_BUNDLE_IDENTIFIER = home.region10.VK;
				PRODUCT_NAME = "$(TARGET_NAME)";
				SWIFT_VERSION = 5.0;
				TARGETED_DEVICE_FAMILY = 1;
			};
			name = Debug;
		};
		853D5E07258FA2E1008F7EB8 /* Release */ = {
			isa = XCBuildConfiguration;
			baseConfigurationReference = D3979ED9F1FDACBF100FBD4E /* Pods-VK.release.xcconfig */;
			buildSettings = {
				ASSETCATALOG_COMPILER_APPICON_NAME = AppIcon;
				ASSETCATALOG_COMPILER_GLOBAL_ACCENT_COLOR_NAME = AccentColor;
				CODE_SIGN_STYLE = Automatic;
				DEVELOPMENT_TEAM = V6HJ4DDSQV;
				INFOPLIST_FILE = VK/Info.plist;
				LD_RUNPATH_SEARCH_PATHS = (
					"$(inherited)",
					"@executable_path/Frameworks",
				);
				PRODUCT_BUNDLE_IDENTIFIER = home.region10.VK;
				PRODUCT_NAME = "$(TARGET_NAME)";
				SWIFT_VERSION = 5.0;
				TARGETED_DEVICE_FAMILY = 1;
			};
			name = Release;
		};
/* End XCBuildConfiguration section */

/* Begin XCConfigurationList section */
		853D5DEC258FA2E0008F7EB8 /* Build configuration list for PBXProject "VK" */ = {
			isa = XCConfigurationList;
			buildConfigurations = (
				853D5E03258FA2E1008F7EB8 /* Debug */,
				853D5E04258FA2E1008F7EB8 /* Release */,
			);
			defaultConfigurationIsVisible = 0;
			defaultConfigurationName = Release;
		};
		853D5E05258FA2E1008F7EB8 /* Build configuration list for PBXNativeTarget "VK" */ = {
			isa = XCConfigurationList;
			buildConfigurations = (
				853D5E06258FA2E1008F7EB8 /* Debug */,
				853D5E07258FA2E1008F7EB8 /* Release */,
			);
			defaultConfigurationIsVisible = 0;
			defaultConfigurationName = Release;
		};
/* End XCConfigurationList section */
	};
	rootObject = 853D5DE9258FA2E0008F7EB8 /* Project object */;
}
